
Microsoft Visual Studio Solution File, Format Version 12.00
# Visual Studio Version 17
VisualStudioVersion = 17.2.32630.192
MinimumVisualStudioVersion = 10.0.40219.1
Project("{9A19103F-16F7-4668-BE54-9A1E7A4F7556}") = "R5T.E0061.Construction", "R5T.E0061.Construction\R5T.E0061.Construction.csproj", "{3A4C8E50-ACA2-4131-80B0-C8612757FEFD}"
EndProject
Project("{9A19103F-16F7-4668-BE54-9A1E7A4F7556}") = "R5T.E0061", "R5T.E0061\R5T.E0061.csproj", "{D4A2C88D-E7FE-4A4F-B214-5A1C266A607D}"
EndProject
Global
	GlobalSection(SolutionConfigurationPlatforms) = preSolution
		Debug|Any CPU = Debug|Any CPU
		Release|Any CPU = Release|Any CPU
	EndGlobalSection
	GlobalSection(ProjectConfigurationPlatforms) = postSolution
		{3A4C8E50-ACA2-4131-80B0-C8612757FEFD}.Debug|Any CPU.ActiveCfg = Debug|Any CPU
		{3A4C8E50-ACA2-4131-80B0-C8612757FEFD}.Debug|Any CPU.Build.0 = Debug|Any CPU
		{3A4C8E50-ACA2-4131-80B0-C8612757FEFD}.Release|Any CPU.ActiveCfg = Release|Any CPU
		{3A4C8E50-ACA2-4131-80B0-C8612757FEFD}.Release|Any CPU.Build.0 = Release|Any CPU
		{D4A2C88D-E7FE-4A4F-B214-5A1C266A607D}.Debug|Any CPU.ActiveCfg = Debug|Any CPU
		{D4A2C88D-E7FE-4A4F-B214-5A1C266A607D}.Debug|Any CPU.Build.0 = Debug|Any CPU
		{D4A2C88D-E7FE-4A4F-B214-5A1C266A607D}.Release|Any CPU.ActiveCfg = Release|Any CPU
		{D4A2C88D-E7FE-4A4F-B214-5A1C266A607D}.Release|Any CPU.Build.0 = Release|Any CPU
	EndGlobalSection
	GlobalSection(SolutionProperties) = preSolution
		HideSolutionNode = FALSE
	EndGlobalSection
	GlobalSection(ExtensibilityGlobals) = postSolution
		SolutionGuid = {B8197E32-7513-4714-B961-B2DAB421B75A}
	EndGlobalSection
EndGlobal
